{
  "lockfileVersion": 1,
  "configVersion": 0,
  "workspaces": {
    "": {
      "name": "lowlander",
      "dependencies": {
        "aberdeen": "link:aberdeen",
        "edinburgh": "link:edinburgh",
        "warpsocket": "link:warpsocket",
      },
      "devDependencies": {
        "@types/bun": "^1.3.10",
      },
    },
    "examples/helloworld": {
      "name": "helloworld",
      "dependencies": {
        "lowlander": "file:../../",
        "mdui": "^2.1.4",
      },
    },
  },
  "packages": {
    "@floating-ui/utils": ["@floating-ui/utils@0.2.10", "", {}, "sha512-aGTxbpbg8/b5JfU1HXSrbH3wXZuLPJcNEcZQFMxLs3oSzgtVu6nFPkbbGGUvBcUjKV2YyB9Wxxabo+HEH9tcRQ=="],

    "@lit-labs/ssr-dom-shim": ["@lit-labs/ssr-dom-shim@1.4.0", "", {}, "sha512-ficsEARKnmmW5njugNYKipTm4SFnbik7CXtoencDZzmzo/dQ+2Q0bgkzJuoJP20Aj0F+izzJjOqsnkd6F/o1bw=="],

    "@lit/localize": ["@lit/localize@0.12.2", "", { "dependencies": { "lit": "^3.2.0" } }, "sha512-Qv9kvgJKDq/JVSwXOxuWvQnnOBysHA99ti9im9a4fImCmx+fto+XXcUYQbjZHqiueEEc4V20PcRDPO+1g/6seQ=="],

    "@lit/reactive-element": ["@lit/reactive-element@2.1.1", "", { "dependencies": { "@lit-labs/ssr-dom-shim": "^1.4.0" } }, "sha512-N+dm5PAYdQ8e6UlywyyrgI2t++wFGXfHx+dSJ1oBrg6FAxUj40jId++EaRm80MKX5JnlH1sBsyZ5h0bcZKemCg=="],

    "@material/material-color-utilities": ["@material/material-color-utilities@0.3.0", "", {}, "sha512-ztmtTd6xwnuh2/xu+Vb01btgV8SQWYCaK56CkRK8gEkWe5TuDyBcYJ0wgkMRn+2VcE9KUmhvkz+N9GHrqw/C0g=="],

    "@mdui/jq": ["@mdui/jq@3.0.3", "", { "dependencies": { "ssr-window": "^5.0.0", "tslib": "^2.8.1" } }, "sha512-nI8QK9UPHhiIbECrC1aMdLXNxP6WgUtC9XwRPs/e56FtwduePyxPyloXmgU8VYw85i6TtYdgClHS9tW8JweNZA=="],

    "@mdui/shared": ["@mdui/shared@1.0.8", "", { "dependencies": { "@lit/reactive-element": "^2.1.0", "@mdui/jq": "^3.0.3", "lit": "^3.3.0", "ssr-window": "^5.0.0", "tslib": "^2.8.1" } }, "sha512-YY863fjHBuk8KtiO4uLDm1YyIVdGrWv4xUxfv8jP32WqIQBkSTbV7HN8jnKXXIej0NFP7pU89yGr4GJYzVszPg=="],

    "@types/bun": ["@types/bun@1.3.10", "", { "dependencies": { "bun-types": "1.3.10" } }, "sha512-0+rlrUrOrTSskibryHbvQkDOWRJwJZqZlxrUs1u4oOoTln8+WIXBPmAuCF35SWB2z4Zl3E84Nl/D0P7803nigQ=="],

    "@types/node": ["@types/node@25.5.0", "", { "dependencies": { "undici-types": "~7.18.0" } }, "sha512-jp2P3tQMSxWugkCUKLRPVUpGaL5MVFwF8RDuSRztfwgN1wmqJeMSbKlnEtQqU8UrhTmzEmZdu2I6v2dpp7XIxw=="],

    "@types/trusted-types": ["@types/trusted-types@2.0.7", "", {}, "sha512-ScaPdn1dQczgbl0QFTeTOmVHFULt394XJgOQNoyVhZ6r2vLnMLJfBPd53SB52T/3G36VI1/g2MZaX0cwDuXsfw=="],

    "aberdeen": ["aberdeen@link:aberdeen", { "bin": { "html-to-aberdeen": "./html-to-aberdeen" } }],

    "bun-types": ["bun-types@1.3.10", "", { "dependencies": { "@types/node": "*" } }, "sha512-tcpfCCl6XWo6nCVnpcVrxQ+9AYN1iqMIzgrSKYMB/fjLtV2eyAVEg7AxQJuCq/26R6HpKWykQXuSOq/21RYcbg=="],

    "classcat": ["classcat@5.0.5", "", {}, "sha512-JhZUT7JFcQy/EzW605k/ktHtncoo9vnyW/2GspNYwFlN1C/WmjuV/xtS04e9SOkL2sTdw0VAZ2UGCcQ9lR6p6w=="],

    "edinburgh": ["edinburgh@link:edinburgh", {}],

    "helloworld": ["helloworld@workspace:examples/helloworld"],

    "is-promise": ["is-promise@4.0.0", "", {}, "sha512-hvpoI6korhJMnej285dSg6nu1+e6uxs7zG3BYAm5byqDsgJNWwxzM6z6iZiAgQR4TJ30JmBTOwqZUw3WlyH3AQ=="],

    "lit": ["lit@3.3.1", "", { "dependencies": { "@lit/reactive-element": "^2.1.0", "lit-element": "^4.2.0", "lit-html": "^3.3.0" } }, "sha512-Ksr/8L3PTapbdXJCk+EJVB78jDodUMaP54gD24W186zGRARvwrsPfS60wae/SSCTCNZVPd1chXqio1qHQmu4NA=="],

    "lit-element": ["lit-element@4.2.1", "", { "dependencies": { "@lit-labs/ssr-dom-shim": "^1.4.0", "@lit/reactive-element": "^2.1.0", "lit-html": "^3.3.0" } }, "sha512-WGAWRGzirAgyphK2urmYOV72tlvnxw7YfyLDgQ+OZnM9vQQBQnumQ7jUJe6unEzwGU3ahFOjuz1iz1jjrpCPuw=="],

    "lit-html": ["lit-html@3.3.1", "", { "dependencies": { "@types/trusted-types": "^2.0.2" } }, "sha512-S9hbyDu/vs1qNrithiNyeyv64c9yqiW9l+DBgI18fL+MTvOtWoFR0FWiyq1TxaYef5wNlpEmzlXoBlZEO+WjoA=="],

    "lowlander": ["lowlander@root:", {}],

    "mdui": ["mdui@2.1.4", "", { "dependencies": { "@floating-ui/utils": "^0.2.9", "@lit/localize": "^0.12.2", "@lit/reactive-element": "^2.1.0", "@material/material-color-utilities": "^0.3.0", "@mdui/jq": "^3.0.3", "@mdui/shared": "^1.0.8", "classcat": "^5.0.5", "is-promise": "^4.0.0", "lit": "^3.3.0", "ssr-window": "^5.0.0", "tslib": "^2.8.1" } }, "sha512-QtK5xia5HXtVO7yH30QjwvvNruw5JdrJL1MEc1k6S/ZfsbHOj6BxxdYjrdv2HiN5ikkGqt5CIbZdFyq6shaZyw=="],

    "ssr-window": ["ssr-window@5.0.1", "", {}, "sha512-WVXlhQsm54HC+FnJfEbccEgNF7mKXtnFUB8Xn7rx2dsWHOlBdqezdX88Vjh6pVGaa0ZvL+PoSu7rEcBuNmxt6g=="],

    "tslib": ["tslib@2.8.1", "", {}, "sha512-oJFu94HQb+KVduSUQL7wnpmqnfmLsOA/nAh6b6EH0wCEoK0/mPeXU6c3wKDV83MkOuHPRHtSXKKU99IBazS/2w=="],

    "undici-types": ["undici-types@7.18.2", "", {}, "sha512-AsuCzffGHJybSaRrmr5eHr81mwJU3kjw6M+uprWvCXiNeN9SOGwQ3Jn8jb8m3Z6izVgknn1R0FTCEAP2QrLY/w=="],

    "warpsocket": ["warpsocket@link:warpsocket", {}],
  }
}
