{
  "lockfileVersion": 1,
  "configVersion": 0,
  "workspaces": {
    "": {
      "name": "lowlander",
      "dependencies": {
        "warpsocket": "^0.9.1",
      },
      "devDependencies": {
        "@types/node": "^20.19.41",
        "aberdeen": "^1.17.1",
        "esbuild": "^0.28.0",
        "readme-tsdoc": "^1.1.8",
        "sirv": "^3.0.2",
        "staffa": "0.3.0",
        "tsx": "^4.0.0",
        "vitest": "^4.1.7",
      },
      "peerDependencies": {
        "aberdeen": "^1.17.1",
        "edinburgh": "^0.6.4",
      },
    },
    "examples/helloworld": {
      "name": "helloworld",
      "dependencies": {
        "lowlander": "*",
      },
    },
  },
  "packages": {
    "@emnapi/core": ["@emnapi/core@1.10.0", "", { "dependencies": { "@emnapi/wasi-threads": "1.2.1", "tslib": "^2.4.0" } }, "sha512-yq6OkJ4p82CAfPl0u9mQebQHKPJkY7WrIuk205cTYnYe+k2Z8YBh11FrbRG/H6ihirqcacOgl2BIO8oyMQLeXw=="],

    "@emnapi/runtime": ["@emnapi/runtime@1.10.0", "", { "dependencies": { "tslib": "^2.4.0" } }, "sha512-ewvYlk86xUoGI0zQRNq/mC+16R1QeDlKQy21Ki3oSYXNgLb45GV1P6A0M+/s6nyCuNDqe5VpaY84BzXGwVbwFA=="],

    "@emnapi/wasi-threads": ["@emnapi/wasi-threads@1.2.1", "", { "dependencies": { "tslib": "^2.4.0" } }, "sha512-uTII7OYF+/Mes/MrcIOYp5yOtSMLBWSIoLPpcgwipoiKbli6k322tcoFsxoIIxPDqW01SQGAgko4EzZi2BNv2w=="],

    "@esbuild/aix-ppc64": ["@esbuild/aix-ppc64@0.28.0", "", { "os": "aix", "cpu": "ppc64" }, "sha512-lhRUCeuOyJQURhTxl4WkpFTjIsbDayJHih5kZC1giwE+MhIzAb7mEsQMqMf18rHLsrb5qI1tafG20mLxEWcWlA=="],

    "@esbuild/android-arm": ["@esbuild/android-arm@0.28.0", "", { "os": "android", "cpu": "arm" }, "sha512-wqh0ByljabXLKHeWXYLqoJ5jKC4XBaw6Hk08OfMrCRd2nP2ZQ5eleDZC41XHyCNgktBGYMbqnrJKq/K/lzPMSQ=="],

    "@esbuild/android-arm64": ["@esbuild/android-arm64@0.28.0", "", { "os": "android", "cpu": "arm64" }, "sha512-+WzIXQOSaGs33tLEgYPYe/yQHf0WTU0X42Jca3y8NWMbUVhp7rUnw+vAsRC/QiDrdD31IszMrZy+qwPOPjd+rw=="],

    "@esbuild/android-x64": ["@esbuild/android-x64@0.28.0", "", { "os": "android", "cpu": "x64" }, "sha512-+VJggoaKhk2VNNqVL7f6S189UzShHC/mR9EE8rDdSkdpN0KflSwWY/gWjDrNxxisg8Fp1ZCD9jLMo4m0OUfeUA=="],

    "@esbuild/darwin-arm64": ["@esbuild/darwin-arm64@0.28.0", "", { "os": "darwin", "cpu": "arm64" }, "sha512-0T+A9WZm+bZ84nZBtk1ckYsOvyA3x7e2Acj1KdVfV4/2tdG4fzUp91YHx+GArWLtwqp77pBXVCPn2We7Letr0Q=="],

    "@esbuild/darwin-x64": ["@esbuild/darwin-x64@0.28.0", "", { "os": "darwin", "cpu": "x64" }, "sha512-fyzLm/DLDl/84OCfp2f/XQ4flmORsjU7VKt8HLjvIXChJoFFOIL6pLJPH4Yhd1n1gGFF9mPwtlN5Wf82DZs+LQ=="],

    "@esbuild/freebsd-arm64": ["@esbuild/freebsd-arm64@0.28.0", "", { "os": "freebsd", "cpu": "arm64" }, "sha512-l9GeW5UZBT9k9brBYI+0WDffcRxgHQD8ShN2Ur4xWq/NFzUKm3k5lsH4PdaRgb2w7mI9u61nr2gI2mLI27Nh3Q=="],

    "@esbuild/freebsd-x64": ["@esbuild/freebsd-x64@0.28.0", "", { "os": "freebsd", "cpu": "x64" }, "sha512-BXoQai/A0wPO6Es3yFJ7APCiKGc1tdAEOgeTNy3SsB491S3aHn4S4r3e976eUnPdU+NbdtmBuLncYir2tMU9Nw=="],

    "@esbuild/linux-arm": ["@esbuild/linux-arm@0.28.0", "", { "os": "linux", "cpu": "arm" }, "sha512-CjaaREJagqJp7iTaNQjjidaNbCKYcd4IDkzbwwxtSvjI7NZm79qiHc8HqciMddQ6CKvJT6aBd8lO9kN/ZudLlw=="],

    "@esbuild/linux-arm64": ["@esbuild/linux-arm64@0.28.0", "", { "os": "linux", "cpu": "arm64" }, "sha512-RVyzfb3FWsGA55n6WY0MEIEPURL1FcbhFE6BffZEMEekfCzCIMtB5yyDcFnVbTnwk+CLAgTujmV/Lgvih56W+A=="],

    "@esbuild/linux-ia32": ["@esbuild/linux-ia32@0.28.0", "", { "os": "linux", "cpu": "ia32" }, "sha512-KBnSTt1kxl9x70q+ydterVdl+Cn0H18ngRMRCEQfrbqdUuntQQ0LoMZv47uB97NljZFzY6HcfqEZ2SAyIUTQBQ=="],

    "@esbuild/linux-loong64": ["@esbuild/linux-loong64@0.28.0", "", { "os": "linux", "cpu": "none" }, "sha512-zpSlUce1mnxzgBADvxKXX5sl8aYQHo2ezvMNI8I0lbblJtp8V4odlm3Yzlj7gPyt3T8ReksE6bK+pT3WD+aJRg=="],

    "@esbuild/linux-mips64el": ["@esbuild/linux-mips64el@0.28.0", "", { "os": "linux", "cpu": "none" }, "sha512-2jIfP6mmjkdmeTlsX/9vmdmhBmKADrWqN7zcdtHIeNSCH1SqIoNI63cYsjQR8J+wGa4Y5izRcSHSm8K3QWmk3w=="],

    "@esbuild/linux-ppc64": ["@esbuild/linux-ppc64@0.28.0", "", { "os": "linux", "cpu": "ppc64" }, "sha512-bc0FE9wWeC0WBm49IQMPSPILRocGTQt3j5KPCA8os6VprfuJ7KD+5PzESSrJ6GmPIPJK965ZJHTUlSA6GNYEhg=="],

    "@esbuild/linux-riscv64": ["@esbuild/linux-riscv64@0.28.0", "", { "os": "linux", "cpu": "none" }, "sha512-SQPZOwoTTT/HXFXQJG/vBX8sOFagGqvZyXcgLA3NhIqcBv1BJU1d46c0rGcrij2B56Z2rNiSLaZOYW5cUk7yLQ=="],

    "@esbuild/linux-s390x": ["@esbuild/linux-s390x@0.28.0", "", { "os": "linux", "cpu": "s390x" }, "sha512-SCfR0HN8CEEjnYnySJTd2cw0k9OHB/YFzt5zgJEwa+wL/T/raGWYMBqwDNAC6dqFKmJYZoQBRfHjgwLHGSrn3Q=="],

    "@esbuild/linux-x64": ["@esbuild/linux-x64@0.28.0", "", { "os": "linux", "cpu": "x64" }, "sha512-us0dSb9iFxIi8srnpl931Nvs65it/Jd2a2K3qs7fz2WfGPHqzfzZTfec7oxZJRNPXPnNYZtanmRc4AL/JwVzHQ=="],

    "@esbuild/netbsd-arm64": ["@esbuild/netbsd-arm64@0.28.0", "", { "os": "none", "cpu": "arm64" }, "sha512-CR/RYotgtCKwtftMwJlUU7xCVNg3lMYZ0RzTmAHSfLCXw3NtZtNpswLEj/Kkf6kEL3Gw+BpOekRX0BYCtklhUw=="],

    "@esbuild/netbsd-x64": ["@esbuild/netbsd-x64@0.28.0", "", { "os": "none", "cpu": "x64" }, "sha512-nU1yhmYutL+fQ71Kxnhg8uEOdC0pwEW9entHykTgEbna2pw2dkbFSMeqjjyHZoCmt8SBkOSvV+yNmm94aUrrqw=="],

    "@esbuild/openbsd-arm64": ["@esbuild/openbsd-arm64@0.28.0", "", { "os": "openbsd", "cpu": "arm64" }, "sha512-cXb5vApOsRsxsEl4mcZ1XY3D4DzcoMxR/nnc4IyqYs0rTI8ZKmW6kyyg+11Z8yvgMfAEldKzP7AdP64HnSC/6g=="],

    "@esbuild/openbsd-x64": ["@esbuild/openbsd-x64@0.28.0", "", { "os": "openbsd", "cpu": "x64" }, "sha512-8wZM2qqtv9UP3mzy7HiGYNH/zjTA355mpeuA+859TyR+e+Tc08IHYpLJuMsfpDJwoLo1ikIJI8jC3GFjnRClzA=="],

    "@esbuild/openharmony-arm64": ["@esbuild/openharmony-arm64@0.28.0", "", { "os": "none", "cpu": "arm64" }, "sha512-FLGfyizszcef5C3YtoyQDACyg95+dndv79i2EekILBofh5wpCa1KuBqOWKrEHZg3zrL3t5ouE5jgr94vA+Wb2w=="],

    "@esbuild/sunos-x64": ["@esbuild/sunos-x64@0.28.0", "", { "os": "sunos", "cpu": "x64" }, "sha512-1ZgjUoEdHZZl/YlV76TSCz9Hqj9h9YmMGAgAPYd+q4SicWNX3G5GCyx9uhQWSLcbvPW8Ni7lj4gDa1T40akdlw=="],

    "@esbuild/win32-arm64": ["@esbuild/win32-arm64@0.28.0", "", { "os": "win32", "cpu": "arm64" }, "sha512-Q9StnDmQ/enxnpxCCLSg0oo4+34B9TdXpuyPeTedN/6+iXBJ4J+zwfQI28u/Jl40nOYAxGoNi7mFP40RUtkmUA=="],

    "@esbuild/win32-ia32": ["@esbuild/win32-ia32@0.28.0", "", { "os": "win32", "cpu": "ia32" }, "sha512-zF3ag/gfiCe6U2iczcRzSYJKH1DCI+ByzSENHlM2FcDbEeo5Zd2C86Aq0tKUYAJJ1obRP84ymxIAksZUcdztHA=="],

    "@esbuild/win32-x64": ["@esbuild/win32-x64@0.28.0", "", { "os": "win32", "cpu": "x64" }, "sha512-pEl1bO9mfAmIC+tW5btTmrKaujg3zGtUmWNdCw/xs70FBjwAL3o9OEKNHvNmnyylD6ubxUERiEhdsL0xBQ9efw=="],

    "@isaacs/cliui": ["@isaacs/cliui@8.0.2", "", { "dependencies": { "string-width": "^5.1.2", "string-width-cjs": "npm:string-width@^4.2.0", "strip-ansi": "^7.0.1", "strip-ansi-cjs": "npm:strip-ansi@^6.0.1", "wrap-ansi": "^8.1.0", "wrap-ansi-cjs": "npm:wrap-ansi@^7.0.0" } }, "sha512-O8jcjabXaleOG9DQ0+ARXWZBTfnP4WNAqzuiJK7ll44AmxGKv/J2M4TPjxjY3znBCfvBXFzucm1twdyFybFqEA=="],

    "@isaacs/fs-minipass": ["@isaacs/fs-minipass@4.0.1", "", { "dependencies": { "minipass": "^7.0.4" } }, "sha512-wgm9Ehl2jpeqP3zw/7mo3kRHFp5MEDhqAdwy1fTGkHAwnkGOVsgpvQhL8B5n1qlb01jV3n/bI0ZfZp5lWA1k4w=="],

    "@jridgewell/sourcemap-codec": ["@jridgewell/sourcemap-codec@1.5.5", "", {}, "sha512-cYQ9310grqxueWbl+WuIUIaiUaDcj7WOq5fVhEljNVgRfOUhY9fy2zTvfoqWsnebh8Sl70VScFbICvJnLKB0Og=="],

    "@napi-rs/wasm-runtime": ["@napi-rs/wasm-runtime@1.1.5", "", { "dependencies": { "@tybys/wasm-util": "^0.10.2" }, "peerDependencies": { "@emnapi/core": "^1.7.1", "@emnapi/runtime": "^1.7.1" } }, "sha512-AWPoBRJ9tsnVhor4sjO7rkni+7p+2IAEFj6cx06UgP10jkQHqay/36uRV/bFkgrh18D9vb4cr8Q0Pthskgzy+Q=="],

    "@npmcli/agent": ["@npmcli/agent@3.0.0", "", { "dependencies": { "agent-base": "^7.1.0", "http-proxy-agent": "^7.0.0", "https-proxy-agent": "^7.0.1", "lru-cache": "^10.0.1", "socks-proxy-agent": "^8.0.3" } }, "sha512-S79NdEgDQd/NGCay6TCoVzXSj74skRZIKJcpJjC5lOq34SZzyI6MqtiiWoiVWoVrTcGjNeC4ipbh1VIHlpfF5Q=="],

    "@npmcli/fs": ["@npmcli/fs@4.0.0", "", { "dependencies": { "semver": "^7.3.5" } }, "sha512-/xGlezI6xfGO9NwuJlnwz/K14qD1kCSAGtacBHnGzeAIuJGazcp45KP5NuyARXoKb7cwulAGWVsbeSxdG/cb0Q=="],

    "@oxc-project/types": ["@oxc-project/types@0.133.0", "", {}, "sha512-KzkdCd6Uxqnf6l3HOw1xfatAlUURA0g14cvBYFyJ5SaNOQbOUvBr9PKArcPcrNIeRsBdgcUzOGrhKveVpvOIGA=="],

    "@pkgjs/parseargs": ["@pkgjs/parseargs@0.11.0", "", {}, "sha512-+1VkjdD0QBLPodGrJUeqarH8VAIvQODIbwh9XpP5Syisf7YoQgsJKPNFoqqLQlu+VQ/tVSshMR6loPMn8U+dPg=="],

    "@polka/url": ["@polka/url@1.0.0-next.29", "", {}, "sha512-wwQAWhWSuHaag8c4q/KN/vCoeOJYshAIvMQwD4GpSb3OiZklFfvAgmj0VCBBImRpuF/aFgIRzllXlVX93Jevww=="],

    "@rolldown/binding-android-arm64": ["@rolldown/binding-android-arm64@1.0.3", "", { "os": "android", "cpu": "arm64" }, "sha512-454rs7jHngixp/NMxd5srYD57OnzSlZ/eFTETjORQHLwJG1lRtmNOJcBerZlfu4GjKqeq8aCCIQrMdHyhI51Hw=="],

    "@rolldown/binding-darwin-arm64": ["@rolldown/binding-darwin-arm64@1.0.3", "", { "os": "darwin", "cpu": "arm64" }, "sha512-PcAhP+ynjURNyy8SKGl5DQP94aGuB/7JrXJb/t7P+hanXvQVMWzUvRRhBAcg/lNRadBhoUPqSoP4xw5tR/KBEA=="],

    "@rolldown/binding-darwin-x64": ["@rolldown/binding-darwin-x64@1.0.3", "", { "os": "darwin", "cpu": "x64" }, "sha512-9YpfeUvSE2RS7wysJ81uOZkXJz7f7Q55H2Gvp3VEw/EsahqDtrphrZ0EwDLK5vvKOzaCrBsjF8JmnMLcUt78Gg=="],

    "@rolldown/binding-freebsd-x64": ["@rolldown/binding-freebsd-x64@1.0.3", "", { "os": "freebsd", "cpu": "x64" }, "sha512-yB1IlAsSNHncV6SCTL27/MVGR5htvQsoGxIv5KMGXALp+Ll1wYsn+x98M9MW7qa+NdSbvrrY7ANI4wLJ0n1e6g=="],

    "@rolldown/binding-linux-arm-gnueabihf": ["@rolldown/binding-linux-arm-gnueabihf@1.0.3", "", { "os": "linux", "cpu": "arm" }, "sha512-Yi30IVAAfLUCy2MseFjbB1jAMDl1VMCAas5StnYp8da9+CKvMd2H2cbEjWcw5NPaPqzvYkVIaF1nNUG+b7u/sw=="],

    "@rolldown/binding-linux-arm64-gnu": ["@rolldown/binding-linux-arm64-gnu@1.0.3", "", { "os": "linux", "cpu": "arm64" }, "sha512-jsO7R8To+AdlYgUmN5sHSCZbfhtMBkO0WUx8iORQnPcMMdgr7qM2DQmMwgabs3GhNztdmoKkMKQFHD6DTMCIQw=="],

    "@rolldown/binding-linux-arm64-musl": ["@rolldown/binding-linux-arm64-musl@1.0.3", "", { "os": "linux", "cpu": "arm64" }, "sha512-VWkUHwWriDciit80wleYwKILoR/KMvxh/IdwS/paX+ZgpuRpCrKLUdadJbc0NpBEiyhpYawsJ73j9aCvOH+f7Q=="],

    "@rolldown/binding-linux-ppc64-gnu": ["@rolldown/binding-linux-ppc64-gnu@1.0.3", "", { "os": "linux", "cpu": "ppc64" }, "sha512-5f1laC0SlIR0yDbFCd8acUhvJIag6N3zC5P7oUPN6wX0aOma+uKJ0wBDH5aq7I1PVI2ttTlhJwzwRIBnLiSGEg=="],

    "@rolldown/binding-linux-s390x-gnu": ["@rolldown/binding-linux-s390x-gnu@1.0.3", "", { "os": "linux", "cpu": "s390x" }, "sha512-Iq4ko0r4XsgbrF/LunNgHtAGLRRVE2kXonAXQ/MV0mC6jQpMOhW1SvtZja2EhC/kd05++bP78dsqBeIQyYJ6Yg=="],

    "@rolldown/binding-linux-x64-gnu": ["@rolldown/binding-linux-x64-gnu@1.0.3", "", { "os": "linux", "cpu": "x64" }, "sha512-B8m6tD5+/N5FeNQFbKlLA/2yVq9ycQP1SeedyEYYKWBNR3ZQbkvIUcNnDNM03lO1l5F2roiiFJGgvoLLyZXtSg=="],

    "@rolldown/binding-linux-x64-musl": ["@rolldown/binding-linux-x64-musl@1.0.3", "", { "os": "linux", "cpu": "x64" }, "sha512-pSdpdUJHkuCxun9LE7jvgUB9qsRgaiyNNCX7m/AvHTcq67AiT/Yhoxvw5zPfhrM8k/BfP8ce/hMOpthKDpEUow=="],

    "@rolldown/binding-openharmony-arm64": ["@rolldown/binding-openharmony-arm64@1.0.3", "", { "os": "none", "cpu": "arm64" }, "sha512-OXXS3RKJgX2uLwM+gYyuH5omcH8fL1LJs96pZGgtetVCahON57+d4SJHzTgZiOjxgGkSnpXpOsWuPDGAKAigEg=="],

    "@rolldown/binding-wasm32-wasi": ["@rolldown/binding-wasm32-wasi@1.0.3", "", { "dependencies": { "@emnapi/core": "1.10.0", "@emnapi/runtime": "1.10.0", "@napi-rs/wasm-runtime": "^1.1.4" }, "cpu": "none" }, "sha512-JTtb8BWFynicNSoPrehsCzBtOKjZ6jhMiPFEmOiuXg1Fl8dn2KHQob+GuPSGR0dryQa1PQJbzjF3dqO/whhjLg=="],

    "@rolldown/binding-win32-arm64-msvc": ["@rolldown/binding-win32-arm64-msvc@1.0.3", "", { "os": "win32", "cpu": "arm64" }, "sha512-gEdFFEN70A/jxb2svrWsN3aDL7OUtmvlOy+6fa2jxG8K0wQ1ZbdeLGnidov6Yu5/733dI5ySfzFlQ/cb0bSz1g=="],

    "@rolldown/binding-win32-x64-msvc": ["@rolldown/binding-win32-x64-msvc@1.0.3", "", { "os": "win32", "cpu": "x64" }, "sha512-eXB7CHuaQdqmJcc3koCNtNPmT/bj2gc999kUFgBxG8Ac0NdgXc4rkCHhqrgrhN3zddvvvrgzj1e90SuSfmyIXA=="],

    "@rolldown/pluginutils": ["@rolldown/pluginutils@1.0.1", "", {}, "sha512-2j9bGt5Jh8hj+vPtgzPtl72j0yRxHAyumoo6TNfAjsLB04UtpSvPbPcDcBMxz7n+9CYB0c1GxQFxYRg2jimqGw=="],

    "@standard-schema/spec": ["@standard-schema/spec@1.1.0", "", {}, "sha512-l2aFy5jALhniG5HgqrD6jXLi/rUWrKvqN/qJx6yoJsgKhblVd+iqqU4RCXavm/jPityDo5TCvKMnpjKnOriy0w=="],

    "@tybys/wasm-util": ["@tybys/wasm-util@0.10.2", "", { "dependencies": { "tslib": "^2.4.0" } }, "sha512-RoBvJ2X0wuKlWFIjrwffGw1IqZHKQqzIchKaadZZfnNpsAYp2mM0h36JtPCjNDAHGgYez/15uMBpfGwchhiMgg=="],

    "@types/chai": ["@types/chai@5.2.3", "", { "dependencies": { "@types/deep-eql": "*", "assertion-error": "^2.0.1" } }, "sha512-Mw558oeA9fFbv65/y4mHtXDs9bPnFMZAL/jxdPFUpOHHIXX91mcgEHbS5Lahr+pwZFR8A7GQleRWeI6cGFC2UA=="],

    "@types/deep-eql": ["@types/deep-eql@4.0.2", "", {}, "sha512-c9h9dVVMigMPc4bwTvC5dxqtqJZwQPePsWjPlpSOnojbor6pGqdk541lfA7AqFQr5pB1BRdq0juY9db81BwyFw=="],

    "@types/estree": ["@types/estree@1.0.9", "", {}, "sha512-GhdPgy1el4/ImP05X05Uw4cw2/M93BCUmnEvWZNStlCzEKME4Fkk+YpoA5OiHNQmoS7Cafb8Xa3Pya8m1Qrzeg=="],

    "@types/node": ["@types/node@20.19.42", "", { "dependencies": { "undici-types": "~6.21.0" } }, "sha512-5L7SUaFC1RyDraj2yRhyBzHTobyXHmohD100CChNtyPyleoq37Mqab5Gn8XEKI04dfN/oqPdpHk38MgcQWHbZg=="],

    "@vitest/expect": ["@vitest/expect@4.1.8", "", { "dependencies": { "@standard-schema/spec": "^1.1.0", "@types/chai": "^5.2.2", "@vitest/spy": "4.1.8", "@vitest/utils": "4.1.8", "chai": "^6.2.2", "tinyrainbow": "^3.1.0" } }, "sha512-h3nDO677RDLEGlBxyQ5CW8RlMThSKSRLUePLOx09gNIWRL40edgA1GCZSZgf1W55MFAG6/Sw14KeaAnqv0NKdQ=="],

    "@vitest/mocker": ["@vitest/mocker@4.1.8", "", { "dependencies": { "@vitest/spy": "4.1.8", "estree-walker": "^3.0.3", "magic-string": "^0.30.21" }, "peerDependencies": { "msw": "^2.4.9", "vite": "^6.0.0 || ^7.0.0 || ^8.0.0" }, "optionalPeers": ["msw", "vite"] }, "sha512-LEiN/xe4OSIbKe9HQIp5OC24agGD9J5CnmMgsLohVVoOPWL9a2sBoR6VBx43jQZb7Kr1l4RCuyCJzcAa0+dojw=="],

    "@vitest/pretty-format": ["@vitest/pretty-format@4.1.8", "", { "dependencies": { "tinyrainbow": "^3.1.0" } }, "sha512-9GasEBxpZ1VYIpqHf/0+YGg121uSNwCKOJqIrTwWP/TB7DmFCiaBpNl3aPZzoLWfWkuqhbH8vJIVobZkvdo2cA=="],

    "@vitest/runner": ["@vitest/runner@4.1.8", "", { "dependencies": { "@vitest/utils": "4.1.8", "pathe": "^2.0.3" } }, "sha512-EmVxeBAfMJvycdjd6Hm+RbFBbA9fKvo0Kx37hNpBYoYeavH3RNsBXWDooR1mgD52dCrxIIuP7UotpfiwOikvcg=="],

    "@vitest/snapshot": ["@vitest/snapshot@4.1.8", "", { "dependencies": { "@vitest/pretty-format": "4.1.8", "@vitest/utils": "4.1.8", "magic-string": "^0.30.21", "pathe": "^2.0.3" } }, "sha512-acfZboRmAIf05DEKcBQy33VXojFJjtUdLyo7oOmV9kebb2xdU01UknNiPuPZoJZQyO7DF0gZdTGTpeAzET9QPQ=="],

    "@vitest/spy": ["@vitest/spy@4.1.8", "", {}, "sha512-6EevtBp6OZOPF7bmz36HrGMeP3txgVSrgebWxHOafDXGkhIzfXK14f8KF6MuFfgXXUeHxmpD3BQxkV00/3s5mA=="],

    "@vitest/utils": ["@vitest/utils@4.1.8", "", { "dependencies": { "@vitest/pretty-format": "4.1.8", "convert-source-map": "^2.0.0", "tinyrainbow": "^3.1.0" } }, "sha512-uOJamYALNhfJ6iolExyQM40yIQwDqYnkKtQ5VCiSe17E33H0aQ/u+1GlRuz4LZBk6Mm3sg90G9hEbmEt37C1Zg=="],

    "abbrev": ["abbrev@3.0.1", "", {}, "sha512-AO2ac6pjRB3SJmGJo+v5/aK6Omggp6fsLrs6wN9bd35ulu4cCwaAU9+7ZhXjeqHVkaHThLuzH0nZr0YpCDhygg=="],

    "aberdeen": ["aberdeen@1.17.1", "", { "bin": { "html-to-aberdeen": "html-to-aberdeen" } }, "sha512-i42L5+6ya+thlgT0VFefCIHSLaK4O0Pb/KWKGodLbcLxsjEn1pHr521OJxPt5gmoANCKRBupCRRXN2/eSOAKzA=="],

    "agent-base": ["agent-base@7.1.4", "", {}, "sha512-MnA+YT8fwfJPgBx3m60MNqakm30XOkyIoH1y6huTQvC0PwZG7ki8NacLBcrPbNoo8vEZy7Jpuk7+jMO+CUovTQ=="],

    "ansi-regex": ["ansi-regex@6.2.2", "", {}, "sha512-Bq3SmSpyFHaWjPk8If9yc6svM8c56dB5BAtW4Qbw5jHTwwXXcTLoRMkpDJp6VL0XzlWaCHTXrkFURMYmD0sLqg=="],

    "ansi-styles": ["ansi-styles@6.2.3", "", {}, "sha512-4Dj6M28JB+oAH8kFkTLUo+a2jwOFkuqb3yucU0CANcRRUbxS0cP0nZYCGjcc3BNXwRIsUVmDGgzawme7zvJHvg=="],

    "assertion-error": ["assertion-error@2.0.1", "", {}, "sha512-Izi8RQcffqCeNVgFigKli1ssklIbpHnCYc6AknXGYoB6grJqyeby7jv12JUQgmTAnIDnbck1uxksT4dzN3PWBA=="],

    "balanced-match": ["balanced-match@1.0.2", "", {}, "sha512-3oSeUO0TMV67hN1AmbXsK4yaqU7tjiHlbxRDZOpH0KW9+CeX4bRAaX0Anxt0tx2MrpRpWwQaPwIlISEJhYU5Pw=="],

    "brace-expansion": ["brace-expansion@2.0.3", "", { "dependencies": { "balanced-match": "^1.0.0" } }, "sha512-MCV/fYJEbqx68aE58kv2cA/kiky1G8vux3OR6/jbS+jIMe/6fJWa0DTzJU7dqijOWYwHi1t29FlfYI9uytqlpA=="],

    "cacache": ["cacache@19.0.1", "", { "dependencies": { "@npmcli/fs": "^4.0.0", "fs-minipass": "^3.0.0", "glob": "^10.2.2", "lru-cache": "^10.0.1", "minipass": "^7.0.3", "minipass-collect": "^2.0.1", "minipass-flush": "^1.0.5", "minipass-pipeline": "^1.2.4", "p-map": "^7.0.2", "ssri": "^12.0.0", "tar": "^7.4.3", "unique-filename": "^4.0.0" } }, "sha512-hdsUxulXCi5STId78vRVYEtDAjq99ICAUktLTeTYsLoTE6Z8dS0c8pWNCxwdrk9YfJeobDZc2Y186hD/5ZQgFQ=="],

    "chai": ["chai@6.2.2", "", {}, "sha512-NUPRluOfOiTKBKvWPtSD4PhFvWCqOi0BGStNWs57X9js7XGTprSmFoz5F0tWhR4WPjNeR9jXqdC7/UpSJTnlRg=="],

    "chownr": ["chownr@3.0.0", "", {}, "sha512-+IxzY9BZOQd/XuYPRmrvEVjF/nqj5kgT4kEq7VofrDoM1MxoRjEWkrCC3EtLi59TVawxTAn+orJwFQcrqEN1+g=="],

    "color-convert": ["color-convert@2.0.1", "", { "dependencies": { "color-name": "~1.1.4" } }, "sha512-RRECPsj7iu/xb5oKYcsFHSppFNnsj/52OVTRKb4zP5onXwVF3zVmmToNcOfGC+CRDpfK/U584fMg38ZHCaElKQ=="],

    "color-name": ["color-name@1.1.4", "", {}, "sha512-dOy+3AuW3a2wNbZHIuMZpTcgjGuLU/uBL/ubcZF9OXbDo8ff4O8yVp5Bf0efS8uEoYo5q4Fx7dY9OgQGXgAsQA=="],

    "convert-source-map": ["convert-source-map@2.0.0", "", {}, "sha512-Kvp459HrV2FEJ1CAsi1Ku+MY3kasH19TFykTz2xWmMeq6bk2NU3XXvfJ+Q61m0xktWwt+1HSYf3JZsTms3aRJg=="],

    "cross-spawn": ["cross-spawn@7.0.6", "", { "dependencies": { "path-key": "^3.1.0", "shebang-command": "^2.0.0", "which": "^2.0.1" } }, "sha512-uV2QOWP2nWzsy2aMp8aRibhi9dlzF5Hgh5SHaB9OiTGEyDTiJJyx0uy51QXdyWbtAHNua4XJzUKca3OzKUd3vA=="],

    "debug": ["debug@4.4.3", "", { "dependencies": { "ms": "^2.1.3" } }, "sha512-RGwwWnwQvkVfavKVt22FGLw+xYSdzARwm0ru6DhTVA3umU5hZc28V3kO4stgYryrTlLpuvgI9GiijltAjNbcqA=="],

    "detect-libc": ["detect-libc@2.1.2", "", {}, "sha512-Btj2BOOO83o3WyH59e8MgXsxEQVcarkUOpEYrubB0urwnN10yQ364rsiByU11nZlqWYZm05i/of7io4mzihBtQ=="],

    "eastasianwidth": ["eastasianwidth@0.2.0", "", {}, "sha512-I88TYZWc9XiYHRQ4/3c5rjjfgkjhLyW2luGIheGERbNQ6OY7yTybanSpDXZa8y7VUP9YmDcYa+eyq4ca7iLqWA=="],

    "edinburgh": ["edinburgh@0.4.1", "", { "dependencies": { "olmdb": "^0.4.1" }, "bin": { "migrate-edinburgh": "build/src/migrate-cli.js" } }, "sha512-LEaEbK2cC+U7uMk+WV1knWpFt7BcapqpTv3oMsw7PSNjhsVGb5WyKM+Dx/HMsecFaA0rOPXXmXoR+KyB+jjlJw=="],

    "emoji-regex": ["emoji-regex@9.2.2", "", {}, "sha512-L18DaJsXSUk2+42pv8mLs5jJT2hqFkFE4j21wOmgbUqsZ2hL72NsUU785g9RXgo3s0ZNgVl42TiHp3ZtOv/Vyg=="],

    "encoding": ["encoding@0.1.13", "", { "dependencies": { "iconv-lite": "^0.6.2" } }, "sha512-ETBauow1T35Y/WZMkio9jiM0Z5xjHHmJ4XmjZOq1l/dXz3lr2sRn87nJy20RupqSh1F2m3HHPSp8ShIPQJrJ3A=="],

    "env-paths": ["env-paths@2.2.1", "", {}, "sha512-+h1lkLKhZMTYjog1VEpJNG7NZJWcuc2DDk/qsqSTRRCOXiLjeQ1d1/udrUGhqMxUgAlwKNZ0cf2uqan5GLuS2A=="],

    "err-code": ["err-code@2.0.3", "", {}, "sha512-2bmlRpNKBxT/CRmPOlyISQpNj+qSeYvcym/uT0Jx2bMOlKLtSy1ZmLuVxSEKKyor/N5yhvp/ZiG1oE3DEYMSFA=="],

    "es-module-lexer": ["es-module-lexer@2.1.0", "", {}, "sha512-n27zTYMjYu1aj4MjCWzSP7G9r75utsaoc8m61weK+W8JMBGGQybd43GstCXZ3WNmSFtGT9wi59qQTW6mhTR5LQ=="],

    "esbuild": ["esbuild@0.28.0", "", { "optionalDependencies": { "@esbuild/aix-ppc64": "0.28.0", "@esbuild/android-arm": "0.28.0", "@esbuild/android-arm64": "0.28.0", "@esbuild/android-x64": "0.28.0", "@esbuild/darwin-arm64": "0.28.0", "@esbuild/darwin-x64": "0.28.0", "@esbuild/freebsd-arm64": "0.28.0", "@esbuild/freebsd-x64": "0.28.0", "@esbuild/linux-arm": "0.28.0", "@esbuild/linux-arm64": "0.28.0", "@esbuild/linux-ia32": "0.28.0", "@esbuild/linux-loong64": "0.28.0", "@esbuild/linux-mips64el": "0.28.0", "@esbuild/linux-ppc64": "0.28.0", "@esbuild/linux-riscv64": "0.28.0", "@esbuild/linux-s390x": "0.28.0", "@esbuild/linux-x64": "0.28.0", "@esbuild/netbsd-arm64": "0.28.0", "@esbuild/netbsd-x64": "0.28.0", "@esbuild/openbsd-arm64": "0.28.0", "@esbuild/openbsd-x64": "0.28.0", "@esbuild/openharmony-arm64": "0.28.0", "@esbuild/sunos-x64": "0.28.0", "@esbuild/win32-arm64": "0.28.0", "@esbuild/win32-ia32": "0.28.0", "@esbuild/win32-x64": "0.28.0" }, "bin": { "esbuild": "bin/esbuild" } }, "sha512-sNR9MHpXSUV/XB4zmsFKN+QgVG82Cc7+/aaxJ8Adi8hyOac+EXptIp45QBPaVyX3N70664wRbTcLTOemCAnyqw=="],

    "estree-walker": ["estree-walker@3.0.3", "", { "dependencies": { "@types/estree": "^1.0.0" } }, "sha512-7RUKfXgSMMkzt6ZuXmqapOurLGPPfgj6l9uRZ7lRGolvk0y2yocc35LdcxKC5PQZdn2DMqioAQ2NoWcrTKmm6g=="],

    "expect-type": ["expect-type@1.3.0", "", {}, "sha512-knvyeauYhqjOYvQ66MznSMs83wmHrCycNEN6Ao+2AeYEfxUIkuiVxdEa1qlGEPK+We3n0THiDciYSsCcgW/DoA=="],

    "exponential-backoff": ["exponential-backoff@3.1.3", "", {}, "sha512-ZgEeZXj30q+I0EN+CbSSpIyPaJ5HVQD18Z1m+u1FXbAeT94mr1zw50q4q6jiiC447Nl/YTcIYSAftiGqetwXCA=="],

    "fast-deep-copy": ["fast-deep-copy@1.0.1", "", {}, "sha512-x1pYV5SJ+VQ2lulFw+4qz/f5JHYKa+vIZYmNkzIQSVpW66aVD2tAyRX37gwj+sC/KK72BuMJVk5YKLBTT18ZQA=="],

    "fdir": ["fdir@6.5.0", "", { "peerDependencies": { "picomatch": "^3 || ^4" }, "optionalPeers": ["picomatch"] }, "sha512-tIbYtZbucOs0BRGqPJkshJUYdL+SDH7dVM8gjy+ERp3WAUjLEFJE+02kanyHtwjWOnwrKYBiwAmM0p4kLJAnXg=="],

    "foreground-child": ["foreground-child@3.3.1", "", { "dependencies": { "cross-spawn": "^7.0.6", "signal-exit": "^4.0.1" } }, "sha512-gIXjKqtFuWEgzFRJA9WCQeSJLZDjgJUOMCMzxtvFq/37KojM1BFGufqsCy0r4qSQmYLsZYMeyRqzIWOMup03sw=="],

    "fs-minipass": ["fs-minipass@3.0.3", "", { "dependencies": { "minipass": "^7.0.3" } }, "sha512-XUBA9XClHbnJWSfBzjkm6RvPsyg3sryZt06BEQoXcF7EK/xpGaQYJgQKDJSUH5SGZ76Y7pFx1QBnXz09rU5Fbw=="],

    "fsevents": ["fsevents@2.3.3", "", { "os": "darwin" }, "sha512-5xoDfX+fL7faATnagmWPpbFtwh/R77WmMMqqHGS65C3vvB0YHrgF+B1YmZ3441tMj5n63k0212XNoJwzlhffQw=="],

    "glob": ["glob@10.5.0", "", { "dependencies": { "foreground-child": "^3.1.0", "jackspeak": "^3.1.2", "minimatch": "^9.0.4", "minipass": "^7.1.2", "package-json-from-dist": "^1.0.0", "path-scurry": "^1.11.1" }, "bin": { "glob": "dist/esm/bin.mjs" } }, "sha512-DfXN8DfhJ7NH3Oe7cFmu3NCu1wKbkReJ8TorzSAFbSKrlNaQSKfIzqYqVY8zlbs2NLBbWpRiU52GX2PbaBVNkg=="],

    "graceful-fs": ["graceful-fs@4.2.11", "", {}, "sha512-RbJ5/jmFcNNCcDV5o9eTnBLJ/HszWV0P73bc+Ff4nS/rJj+YaS6IGyiOL0VoBYX+l1Wrl3k63h/KrH+nhJ0XvQ=="],

    "helloworld": ["helloworld@workspace:examples/helloworld"],

    "http-cache-semantics": ["http-cache-semantics@4.2.0", "", {}, "sha512-dTxcvPXqPvXBQpq5dUr6mEMJX4oIEFv6bwom3FDwKRDsuIjjJGANqhBuoAn9c1RQJIdAKav33ED65E2ys+87QQ=="],

    "http-proxy-agent": ["http-proxy-agent@7.0.2", "", { "dependencies": { "agent-base": "^7.1.0", "debug": "^4.3.4" } }, "sha512-T1gkAiYYDWYx3V5Bmyu7HcfcvL7mUrTWiM6yOfa3PIphViJ/gFPbvidQ+veqSOHci/PxBcDabeUNCzpOODJZig=="],

    "https-proxy-agent": ["https-proxy-agent@7.0.6", "", { "dependencies": { "agent-base": "^7.1.2", "debug": "4" } }, "sha512-vK9P5/iUfdl95AI+JVyUuIcVtd4ofvtrOr3HNtM2yxC9bnMbEdp3x01OhQNnjb8IJYi38VlTE3mBXwcfvywuSw=="],

    "iconv-lite": ["iconv-lite@0.6.3", "", { "dependencies": { "safer-buffer": ">= 2.1.2 < 3.0.0" } }, "sha512-4fCk79wshMdzMp2rH06qWrJE4iolqLhCUH+OiuIgU++RB0+94NlDL81atO7GX55uUKueo0txHNtvEyI6D7WdMw=="],

    "imurmurhash": ["imurmurhash@0.1.4", "", {}, "sha512-JmXMZ6wuvDmLiHEml9ykzqO6lwFbof0GG4IkcGaENdCRDDmMVnny7s5HsIgHCbaq0w2MyPhDqkhTUgS2LU2PHA=="],

    "ip-address": ["ip-address@10.1.0", "", {}, "sha512-XXADHxXmvT9+CRxhXg56LJovE+bmWnEWB78LB83VZTprKTmaC5QfruXocxzTZ2Kl0DNwKuBdlIhjL8LeY8Sf8Q=="],

    "is-fullwidth-code-point": ["is-fullwidth-code-point@3.0.0", "", {}, "sha512-zymm5+u+sCsSWyD9qNaejV3DFvhCKclKdizYaJUuHA83RLjb7nSuGnddCHGv0hk+KY7BMAlsWeK4Ueg6EV6XQg=="],

    "isexe": ["isexe@3.1.5", "", {}, "sha512-6B3tLtFqtQS4ekarvLVMZ+X+VlvQekbe4taUkf/rhVO3d/h0M2rfARm/pXLcPEsjjMsFgrFgSrhQIxcSVrBz8w=="],

    "jackspeak": ["jackspeak@3.4.3", "", { "dependencies": { "@isaacs/cliui": "^8.0.2" }, "optionalDependencies": { "@pkgjs/parseargs": "^0.11.0" } }, "sha512-OGlZQpz2yfahA/Rd1Y8Cd9SIEsqvXkLVoSw/cgwhnhFMDbsQFeZYoJJ7bIZBS9BcamUW96asq/npPWugM+RQBw=="],

    "lightningcss": ["lightningcss@1.32.0", "", { "dependencies": { "detect-libc": "^2.0.3" }, "optionalDependencies": { "lightningcss-android-arm64": "1.32.0", "lightningcss-darwin-arm64": "1.32.0", "lightningcss-darwin-x64": "1.32.0", "lightningcss-freebsd-x64": "1.32.0", "lightningcss-linux-arm-gnueabihf": "1.32.0", "lightningcss-linux-arm64-gnu": "1.32.0", "lightningcss-linux-arm64-musl": "1.32.0", "lightningcss-linux-x64-gnu": "1.32.0", "lightningcss-linux-x64-musl": "1.32.0", "lightningcss-win32-arm64-msvc": "1.32.0", "lightningcss-win32-x64-msvc": "1.32.0" } }, "sha512-NXYBzinNrblfraPGyrbPoD19C1h9lfI/1mzgWYvXUTe414Gz/X1FD2XBZSZM7rRTrMA8JL3OtAaGifrIKhQ5yQ=="],

    "lightningcss-android-arm64": ["lightningcss-android-arm64@1.32.0", "", { "os": "android", "cpu": "arm64" }, "sha512-YK7/ClTt4kAK0vo6w3X+Pnm0D2cf2vPHbhOXdoNti1Ga0al1P4TBZhwjATvjNwLEBCnKvjJc2jQgHXH0NEwlAg=="],

    "lightningcss-darwin-arm64": ["lightningcss-darwin-arm64@1.32.0", "", { "os": "darwin", "cpu": "arm64" }, "sha512-RzeG9Ju5bag2Bv1/lwlVJvBE3q6TtXskdZLLCyfg5pt+HLz9BqlICO7LZM7VHNTTn/5PRhHFBSjk5lc4cmscPQ=="],

    "lightningcss-darwin-x64": ["lightningcss-darwin-x64@1.32.0", "", { "os": "darwin", "cpu": "x64" }, "sha512-U+QsBp2m/s2wqpUYT/6wnlagdZbtZdndSmut/NJqlCcMLTWp5muCrID+K5UJ6jqD2BFshejCYXniPDbNh73V8w=="],

    "lightningcss-freebsd-x64": ["lightningcss-freebsd-x64@1.32.0", "", { "os": "freebsd", "cpu": "x64" }, "sha512-JCTigedEksZk3tHTTthnMdVfGf61Fky8Ji2E4YjUTEQX14xiy/lTzXnu1vwiZe3bYe0q+SpsSH/CTeDXK6WHig=="],

    "lightningcss-linux-arm-gnueabihf": ["lightningcss-linux-arm-gnueabihf@1.32.0", "", { "os": "linux", "cpu": "arm" }, "sha512-x6rnnpRa2GL0zQOkt6rts3YDPzduLpWvwAF6EMhXFVZXD4tPrBkEFqzGowzCsIWsPjqSK+tyNEODUBXeeVHSkw=="],

    "lightningcss-linux-arm64-gnu": ["lightningcss-linux-arm64-gnu@1.32.0", "", { "os": "linux", "cpu": "arm64" }, "sha512-0nnMyoyOLRJXfbMOilaSRcLH3Jw5z9HDNGfT/gwCPgaDjnx0i8w7vBzFLFR1f6CMLKF8gVbebmkUN3fa/kQJpQ=="],

    "lightningcss-linux-arm64-musl": ["lightningcss-linux-arm64-musl@1.32.0", "", { "os": "linux", "cpu": "arm64" }, "sha512-UpQkoenr4UJEzgVIYpI80lDFvRmPVg6oqboNHfoH4CQIfNA+HOrZ7Mo7KZP02dC6LjghPQJeBsvXhJod/wnIBg=="],

    "lightningcss-linux-x64-gnu": ["lightningcss-linux-x64-gnu@1.32.0", "", { "os": "linux", "cpu": "x64" }, "sha512-V7Qr52IhZmdKPVr+Vtw8o+WLsQJYCTd8loIfpDaMRWGUZfBOYEJeyJIkqGIDMZPwPx24pUMfwSxxI8phr/MbOA=="],

    "lightningcss-linux-x64-musl": ["lightningcss-linux-x64-musl@1.32.0", "", { "os": "linux", "cpu": "x64" }, "sha512-bYcLp+Vb0awsiXg/80uCRezCYHNg1/l3mt0gzHnWV9XP1W5sKa5/TCdGWaR/zBM2PeF/HbsQv/j2URNOiVuxWg=="],

    "lightningcss-win32-arm64-msvc": ["lightningcss-win32-arm64-msvc@1.32.0", "", { "os": "win32", "cpu": "arm64" }, "sha512-8SbC8BR40pS6baCM8sbtYDSwEVQd4JlFTOlaD3gWGHfThTcABnNDBda6eTZeqbofalIJhFx0qKzgHJmcPTnGdw=="],

    "lightningcss-win32-x64-msvc": ["lightningcss-win32-x64-msvc@1.32.0", "", { "os": "win32", "cpu": "x64" }, "sha512-Amq9B/SoZYdDi1kFrojnoqPLxYhQ4Wo5XiL8EVJrVsB8ARoC1PWW6VGtT0WKCemjy8aC+louJnjS7U18x3b06Q=="],

    "lowlander": ["lowlander@0.5.0", "", { "dependencies": { "warpsocket": "^0.9.1" }, "peerDependencies": { "aberdeen": "^1.15.0", "edinburgh": "^0.6.4" } }, "sha512-BbRtgWgigpfe8CYUhX4MnJXNTq2V0RoKKYxX8+3lGXe3GDiMUBlG/t/nEDChV9DpjSNtX9JclM6yc8MhnprHWw=="],

    "lru-cache": ["lru-cache@10.4.3", "", {}, "sha512-JNAzZcXrCt42VGLuYz0zfAzDfAvJWW6AfYlDBQyDV5DClI2m5sAmK+OIO7s59XfsRsWHp02jAJrRadPRGTt6SQ=="],

    "magic-string": ["magic-string@0.30.21", "", { "dependencies": { "@jridgewell/sourcemap-codec": "^1.5.5" } }, "sha512-vd2F4YUyEXKGcLHoq+TEyCjxueSeHnFxyyjNp80yg0XV4vUhnDer/lvvlqM/arB5bXQN5K2/3oinyCRyx8T2CQ=="],

    "make-fetch-happen": ["make-fetch-happen@14.0.3", "", { "dependencies": { "@npmcli/agent": "^3.0.0", "cacache": "^19.0.1", "http-cache-semantics": "^4.1.1", "minipass": "^7.0.2", "minipass-fetch": "^4.0.0", "minipass-flush": "^1.0.5", "minipass-pipeline": "^1.2.4", "negotiator": "^1.0.0", "proc-log": "^5.0.0", "promise-retry": "^2.0.1", "ssri": "^12.0.0" } }, "sha512-QMjGbFTP0blj97EeidG5hk/QhKQ3T4ICckQGLgz38QF7Vgbk6e6FTARN8KhKxyBbWn8R0HU+bnw8aSoFPD4qtQ=="],

    "minimatch": ["minimatch@9.0.9", "", { "dependencies": { "brace-expansion": "^2.0.2" } }, "sha512-OBwBN9AL4dqmETlpS2zasx+vTeWclWzkblfZk7KTA5j3jeOONz/tRCnZomUyvNg83wL5Zv9Ss6HMJXAgL8R2Yg=="],

    "minipass": ["minipass@7.1.3", "", {}, "sha512-tEBHqDnIoM/1rXME1zgka9g6Q2lcoCkxHLuc7ODJ5BxbP5d4c2Z5cGgtXAku59200Cx7diuHTOYfSBD8n6mm8A=="],

    "minipass-collect": ["minipass-collect@2.0.1", "", { "dependencies": { "minipass": "^7.0.3" } }, "sha512-D7V8PO9oaz7PWGLbCACuI1qEOsq7UKfLotx/C0Aet43fCUB/wfQ7DYeq2oR/svFJGYDHPr38SHATeaj/ZoKHKw=="],

    "minipass-fetch": ["minipass-fetch@4.0.1", "", { "dependencies": { "minipass": "^7.0.3", "minipass-sized": "^1.0.3", "minizlib": "^3.0.1" }, "optionalDependencies": { "encoding": "^0.1.13" } }, "sha512-j7U11C5HXigVuutxebFadoYBbd7VSdZWggSe64NVdvWNBqGAiXPL2QVCehjmw7lY1oF9gOllYbORh+hiNgfPgQ=="],

    "minipass-flush": ["minipass-flush@1.0.7", "", { "dependencies": { "minipass": "^3.0.0" } }, "sha512-TbqTz9cUwWyHS2Dy89P3ocAGUGxKjjLuR9z8w4WUTGAVgEj17/4nhgo2Du56i0Fm3Pm30g4iA8Lcqctc76jCzA=="],

    "minipass-pipeline": ["minipass-pipeline@1.2.4", "", { "dependencies": { "minipass": "^3.0.0" } }, "sha512-xuIq7cIOt09RPRJ19gdi4b+RiNvDFYe5JH+ggNvBqGqpQXcru3PcRmOZuHBKWK1Txf9+cQ+HMVN4d6z46LZP7A=="],

    "minipass-sized": ["minipass-sized@1.0.3", "", { "dependencies": { "minipass": "^3.0.0" } }, "sha512-MbkQQ2CTiBMlA2Dm/5cY+9SWFEN8pzzOXi6rlM5Xxq0Yqbda5ZQy9sU75a673FE9ZK0Zsbr6Y5iP6u9nktfg2g=="],

    "minizlib": ["minizlib@3.1.0", "", { "dependencies": { "minipass": "^7.1.2" } }, "sha512-KZxYo1BUkWD2TVFLr0MQoM8vUUigWD3LlD83a/75BqC+4qE0Hb1Vo5v1FgcfaNXvfXzr+5EhQ6ing/CaBijTlw=="],

    "mrmime": ["mrmime@2.0.1", "", {}, "sha512-Y3wQdFg2Va6etvQ5I82yUhGdsKrcYox6p7FfL1LbK2J4V01F9TGlepTIhnK24t7koZibmg82KGglhA1XK5IsLQ=="],

    "ms": ["ms@2.1.3", "", {}, "sha512-6FlzubTLZG3J2a/NVCAleEhjzq5oxgHyaCU9yYXvcLsvoVaHJq/s5xXI6/XXP6tz7R9xAOtHnSO/tXtF3WRTlA=="],

    "nanoid": ["nanoid@3.3.12", "", { "bin": { "nanoid": "bin/nanoid.cjs" } }, "sha512-ZB9RH/39qpq5Vu6Y+NmUaFhQR6pp+M2Xt76XBnEwDaGcVAqhlvxrl3B2bKS5D3NH3QR76v3aSrKaF/Kiy7lEtQ=="],

    "negotiator": ["negotiator@1.0.0", "", {}, "sha512-8Ofs/AUQh8MaEcrlq5xOX0CQ9ypTF5dl78mjlMNfOK08fzpgTHQRQPBxcPlEtIw0yRpws+Zo/3r+5WRby7u3Gg=="],

    "node-gyp": ["node-gyp@11.5.0", "", { "dependencies": { "env-paths": "^2.2.0", "exponential-backoff": "^3.1.1", "graceful-fs": "^4.2.6", "make-fetch-happen": "^14.0.3", "nopt": "^8.0.0", "proc-log": "^5.0.0", "semver": "^7.3.5", "tar": "^7.4.3", "tinyglobby": "^0.2.12", "which": "^5.0.0" }, "bin": { "node-gyp": "bin/node-gyp.js" } }, "sha512-ra7Kvlhxn5V9Slyus0ygMa2h+UqExPqUIkfk7Pc8QTLT956JLSy51uWFwHtIYy0vI8cB4BDhc/S03+880My/LQ=="],

    "nopt": ["nopt@8.1.0", "", { "dependencies": { "abbrev": "^3.0.0" }, "bin": { "nopt": "bin/nopt.js" } }, "sha512-ieGu42u/Qsa4TFktmaKEwM6MQH0pOWnaB3htzh0JRtx84+Mebc0cbZYN5bC+6WTZ4+77xrL9Pn5m7CV6VIkV7A=="],

    "obug": ["obug@2.1.2", "", {}, "sha512-AWGB9WFcRXOQs48Z/udjI5ZcZMHXwX8XPByNpOydgcGsDLIzjGizhoMWJyKAWze7AVW/2W1i+/gPX4YtKe5cyg=="],

    "olmdb": ["olmdb@0.4.1", "", { "dependencies": { "node-gyp": "^11.2.0", "readme-tsdoc": "^1.1.4" } }, "sha512-hLoreDvIUfCH5eE1T8gCtL5f5jSJEqcf7uP5JliFuBPnso4xoiPR18eaw9IBD1iW6XIAExpnvoji2F+9+taqaQ=="],

    "p-map": ["p-map@7.0.4", "", {}, "sha512-tkAQEw8ysMzmkhgw8k+1U/iPhWNhykKnSk4Rd5zLoPJCuJaGRPo6YposrZgaxHKzDHdDWWZvE/Sk7hsL2X/CpQ=="],

    "package-json-from-dist": ["package-json-from-dist@1.0.1", "", {}, "sha512-UEZIS3/by4OC8vL3P2dTXRETpebLI2NiI5vIrjaD/5UtrkFX/tNbwjTSRAGC/+7CAo2pIcBaRgWmcBBHcsaCIw=="],

    "path-key": ["path-key@3.1.1", "", {}, "sha512-ojmeN0qd+y0jszEtoY48r0Peq5dwMEkIlCOu6Q5f41lfkswXuKtYrhgoTpLnyIcHm24Uhqx+5Tqm2InSwLhE6Q=="],

    "path-scurry": ["path-scurry@1.11.1", "", { "dependencies": { "lru-cache": "^10.2.0", "minipass": "^5.0.0 || ^6.0.2 || ^7.0.0" } }, "sha512-Xa4Nw17FS9ApQFJ9umLiJS4orGjm7ZzwUrwamcGQuHSzDyth9boKDaycYdDcZDuqYATXw4HFXgaqWTctW/v1HA=="],

    "pathe": ["pathe@2.0.3", "", {}, "sha512-WUjGcAqP1gQacoQe+OBJsFA7Ld4DyXuUIjZ5cc75cLHvJ7dtNsTugphxIADwspS+AraAUePCKrSVtPLFj/F88w=="],

    "picocolors": ["picocolors@1.1.1", "", {}, "sha512-xceH2snhtb5M9liqDsmEw56le376mTZkEX/jEb/RxNFyegNul7eNslCXP9FDj/Lcu0X8KEyMceP2ntpaHrDEVA=="],

    "picomatch": ["picomatch@4.0.4", "", {}, "sha512-QP88BAKvMam/3NxH6vj2o21R6MjxZUAd6nlwAS/pnGvN9IVLocLHxGYIzFhg6fUQ+5th6P4dv4eW9jX3DSIj7A=="],

    "postcss": ["postcss@8.5.15", "", { "dependencies": { "nanoid": "^3.3.12", "picocolors": "^1.1.1", "source-map-js": "^1.2.1" } }, "sha512-FfR8sjd4em2T6fb3I2MwAJU7HWVMr9zba+enmQeeWFfCbm+UOC/0X4DS8XtpUTMwWMGbjKYP7xjfNekzyGmB3A=="],

    "proc-log": ["proc-log@5.0.0", "", {}, "sha512-Azwzvl90HaF0aCz1JrDdXQykFakSSNPaPoiZ9fm5qJIMHioDZEi7OAdRwSm6rSoPtY3Qutnm3L7ogmg3dc+wbQ=="],

    "promise-retry": ["promise-retry@2.0.1", "", { "dependencies": { "err-code": "^2.0.2", "retry": "^0.12.0" } }, "sha512-y+WKFlBR8BGXnsNlIHFGPZmyDf3DFMoLhaflAnyZgV6rG6xu+JwesTo2Q9R6XwYmtmwAFCkAk3e35jEdoeh/3g=="],

    "readme-tsdoc": ["readme-tsdoc@1.1.8", "", { "dependencies": { "typescript": "^5.0.0" }, "bin": { "readme-tsdoc": "src/cli.js" } }, "sha512-n4S7zNGywwCXhMCEuxH8xfpdiLTv6T95RlO3G0jf5uzoRsIP17Eau8bJk8aV51icjjfNS/ozqUHfki6X7idTUg=="],

    "retry": ["retry@0.12.0", "", {}, "sha512-9LkiTwjUh6rT555DtE9rTX+BKByPfrMzEAtnlEtdEwr3Nkffwiihqe2bWADg+OQRjt9gl6ICdmB/ZFDCGAtSow=="],

    "rolldown": ["rolldown@1.0.3", "", { "dependencies": { "@oxc-project/types": "=0.133.0", "@rolldown/pluginutils": "^1.0.0" }, "optionalDependencies": { "@rolldown/binding-android-arm64": "1.0.3", "@rolldown/binding-darwin-arm64": "1.0.3", "@rolldown/binding-darwin-x64": "1.0.3", "@rolldown/binding-freebsd-x64": "1.0.3", "@rolldown/binding-linux-arm-gnueabihf": "1.0.3", "@rolldown/binding-linux-arm64-gnu": "1.0.3", "@rolldown/binding-linux-arm64-musl": "1.0.3", "@rolldown/binding-linux-ppc64-gnu": "1.0.3", "@rolldown/binding-linux-s390x-gnu": "1.0.3", "@rolldown/binding-linux-x64-gnu": "1.0.3", "@rolldown/binding-linux-x64-musl": "1.0.3", "@rolldown/binding-openharmony-arm64": "1.0.3", "@rolldown/binding-wasm32-wasi": "1.0.3", "@rolldown/binding-win32-arm64-msvc": "1.0.3", "@rolldown/binding-win32-x64-msvc": "1.0.3" }, "bin": { "rolldown": "./bin/cli.mjs" } }, "sha512-i00lAJ2ks1BYr7rjNjKC7BcqAS7nVfiT3QX1SI5aY+AFHblCmaUf9OE9dbdzDvW6dJxbi2ZCZiy9v3CcwOiX3g=="],

    "safer-buffer": ["safer-buffer@2.1.2", "", {}, "sha512-YZo3K82SD7Riyi0E1EQPojLz7kpepnSQI9IyPbHHg1XXXevb5dJI7tpyN2ADxGcQbHG7vcyRHk0cbwqcQriUtg=="],

    "semver": ["semver@7.7.4", "", { "bin": { "semver": "bin/semver.js" } }, "sha512-vFKC2IEtQnVhpT78h1Yp8wzwrf8CM+MzKMHGJZfBtzhZNycRFnXsHk6E5TxIkkMsgNS7mdX3AGB7x2QM2di4lA=="],

    "shebang-command": ["shebang-command@2.0.0", "", { "dependencies": { "shebang-regex": "^3.0.0" } }, "sha512-kHxr2zZpYtdmrN1qDjrrX/Z1rR1kG8Dx+gkpK1G4eXmvXswmcE1hTWBWYUzlraYw1/yZp6YuDY77YtvbN0dmDA=="],

    "shebang-regex": ["shebang-regex@3.0.0", "", {}, "sha512-7++dFhtcx3353uBaq8DDR4NuxBetBzC7ZQOhmTQInHEd6bSrXdiEyzCvG07Z44UYdLShWUyXt5M/yhz8ekcb1A=="],

    "siginfo": ["siginfo@2.0.0", "", {}, "sha512-ybx0WO1/8bSBLEWXZvEd7gMW3Sn3JFlW3TvX1nREbDLRNQNaeNN8WK0meBwPdAaOI7TtRRRJn/Es1zhrrCHu7g=="],

    "signal-exit": ["signal-exit@4.1.0", "", {}, "sha512-bzyZ1e88w9O1iNJbKnOlvYTrWPDl46O1bG0D3XInv+9tkPrxrN8jUUTiFlDkkmKWgn1M6CfIA13SuGqOa9Korw=="],

    "sirv": ["sirv@3.0.2", "", { "dependencies": { "@polka/url": "^1.0.0-next.24", "mrmime": "^2.0.0", "totalist": "^3.0.0" } }, "sha512-2wcC/oGxHis/BoHkkPwldgiPSYcpZK3JU28WoMVv55yHJgcZ8rlXvuG9iZggz+sU1d4bRgIGASwyWqjxu3FM0g=="],

    "smart-buffer": ["smart-buffer@4.2.0", "", {}, "sha512-94hK0Hh8rPqQl2xXc3HsaBoOXKV20MToPkcXvwbISWLEs+64sBq5kFgn2kJDHb1Pry9yrP0dxrCI9RRci7RXKg=="],

    "socks": ["socks@2.8.7", "", { "dependencies": { "ip-address": "^10.0.1", "smart-buffer": "^4.2.0" } }, "sha512-HLpt+uLy/pxB+bum/9DzAgiKS8CX1EvbWxI4zlmgGCExImLdiad2iCwXT5Z4c9c3Eq8rP2318mPW2c+QbtjK8A=="],

    "socks-proxy-agent": ["socks-proxy-agent@8.0.5", "", { "dependencies": { "agent-base": "^7.1.2", "debug": "^4.3.4", "socks": "^2.8.3" } }, "sha512-HehCEsotFqbPW9sJ8WVYB6UbmIMv7kUUORIF2Nncq4VQvBfNBLibW9YZR5dlYCSUhwcD628pRllm7n+E+YTzJw=="],

    "source-map-js": ["source-map-js@1.2.1", "", {}, "sha512-UXWMKhLOwVKb728IUtQPXxfYU+usdybtUrK/8uGE8CQMvrhOpwvzDBwj0QhSL7MQc7vIsISBG8VQ8+IDQxpfQA=="],

    "ssri": ["ssri@12.0.0", "", { "dependencies": { "minipass": "^7.0.3" } }, "sha512-S7iGNosepx9RadX82oimUkvr0Ct7IjJbEbs4mJcTxst8um95J3sDYU1RBEOvdu6oL1Wek2ODI5i4MAw+dZ6cAQ=="],

    "stackback": ["stackback@0.0.2", "", {}, "sha512-1XMJE5fQo1jGH6Y/7ebnwPOBEkIEnT4QF32d5R1+VXdXveM0IBMJt8zfaxX1P3QhVwrYe+576+jkANtSS2mBbw=="],

    "staffa": ["staffa@0.3.0", "", { "peerDependencies": { "aberdeen": "^1.17.1" } }, "sha512-UtGh9nNtFmhFx/UJt98I5jM+a397JL6J0LXfaYTkm/7Tg88BLajTtKrtDEmKGRagvQsnh4iK4yZ7Wilsop86pg=="],

    "std-env": ["std-env@4.1.0", "", {}, "sha512-Rq7ybcX2RuC55r9oaPVEW7/xu3tj8u4GeBYHBWCychFtzMIr86A7e3PPEBPT37sHStKX3+TiX/Fr/ACmJLVlLQ=="],

    "string-width": ["string-width@5.1.2", "", { "dependencies": { "eastasianwidth": "^0.2.0", "emoji-regex": "^9.2.2", "strip-ansi": "^7.0.1" } }, "sha512-HnLOCR3vjcY8beoNLtcjZ5/nxn2afmME6lhrDrebokqMap+XbeW8n9TXpPDOqdGK5qcI3oT0GKTW6wC7EMiVqA=="],

    "string-width-cjs": ["string-width@4.2.3", "", { "dependencies": { "emoji-regex": "^8.0.0", "is-fullwidth-code-point": "^3.0.0", "strip-ansi": "^6.0.1" } }, "sha512-wKyQRQpjJ0sIp62ErSZdGsjMJWsap5oRNihHhu6G7JVO/9jIB6UyevL+tXuOqrng8j/cxKTWyWUwvSTriiZz/g=="],

    "strip-ansi": ["strip-ansi@7.2.0", "", { "dependencies": { "ansi-regex": "^6.2.2" } }, "sha512-yDPMNjp4WyfYBkHnjIRLfca1i6KMyGCtsVgoKe/z1+6vukgaENdgGBZt+ZmKPc4gavvEZ5OgHfHdrazhgNyG7w=="],

    "strip-ansi-cjs": ["strip-ansi@6.0.1", "", { "dependencies": { "ansi-regex": "^5.0.1" } }, "sha512-Y38VPSHcqkFrCpFnQ9vuSXmquuv5oXOKpGeT6aGrr3o3Gc9AlVa6JBfUSOCnbxGGZF+/0ooI7KrPuUSztUdU5A=="],

    "tar": ["tar@7.5.13", "", { "dependencies": { "@isaacs/fs-minipass": "^4.0.0", "chownr": "^3.0.0", "minipass": "^7.1.2", "minizlib": "^3.1.0", "yallist": "^5.0.0" } }, "sha512-tOG/7GyXpFevhXVh8jOPJrmtRpOTsYqUIkVdVooZYJS/z8WhfQUX8RJILmeuJNinGAMSu1veBr4asSHFt5/hng=="],

    "tinybench": ["tinybench@2.9.0", "", {}, "sha512-0+DUvqWMValLmha6lr4kD8iAMK1HzV0/aKnCtWb9v9641TnP/MFb7Pc2bxoxQjTXAErryXVgUOfv2YqNllqGeg=="],

    "tinyexec": ["tinyexec@1.2.4", "", {}, "sha512-SHf/r48b7vOrjve9PxJo3MN5v5yuyjHvdUcrQffT3WXMUfnGmHDVbC4k3sHJaJTgZCwpUplIaAo5ANtMyp3YHg=="],

    "tinyglobby": ["tinyglobby@0.2.16", "", { "dependencies": { "fdir": "^6.5.0", "picomatch": "^4.0.4" } }, "sha512-pn99VhoACYR8nFHhxqix+uvsbXineAasWm5ojXoN8xEwK5Kd3/TrhNn1wByuD52UxWRLy8pu+kRMniEi6Eq9Zg=="],

    "tinyrainbow": ["tinyrainbow@3.1.0", "", {}, "sha512-Bf+ILmBgretUrdJxzXM0SgXLZ3XfiaUuOj/IKQHuTXip+05Xn+uyEYdVg0kYDipTBcLrCVyUzAPz7QmArb0mmw=="],

    "totalist": ["totalist@3.0.1", "", {}, "sha512-sf4i37nQ2LBx4m3wB74y+ubopq6W/dIzXg0FDGjsYnZHVa1Da8FH853wlL2gtUhg+xJXjfk3kUZS3BRoQeoQBQ=="],

    "tslib": ["tslib@2.8.1", "", {}, "sha512-oJFu94HQb+KVduSUQL7wnpmqnfmLsOA/nAh6b6EH0wCEoK0/mPeXU6c3wKDV83MkOuHPRHtSXKKU99IBazS/2w=="],

    "tsx": ["tsx@4.22.4", "", { "dependencies": { "esbuild": "~0.28.0" }, "optionalDependencies": { "fsevents": "~2.3.3" }, "bin": { "tsx": "dist/cli.mjs" } }, "sha512-X8EX+XV4QR5xCsrgxaED954zTDfY8KqlDtskKEL0cHhyS/P8b4IFOvGDQpsC9Q1XnLq915wEfwwY/zzskCtmhg=="],

    "typescript": ["typescript@5.9.3", "", { "bin": { "tsc": "bin/tsc", "tsserver": "bin/tsserver" } }, "sha512-jl1vZzPDinLr9eUt3J/t7V6FgNEw9QjvBPdysz9KfQDD41fQrC2Y4vKQdiaUpFT4bXlb1RHhLpp8wtm6M5TgSw=="],

    "undici-types": ["undici-types@6.21.0", "", {}, "sha512-iwDZqg0QAGrg9Rav5H4n0M64c3mkR59cJ6wQp+7C4nI0gsmExaedaYLNO44eT4AtBBwjbTiGPMlt2Md0T9H9JQ=="],

    "unique-filename": ["unique-filename@4.0.0", "", { "dependencies": { "unique-slug": "^5.0.0" } }, "sha512-XSnEewXmQ+veP7xX2dS5Q4yZAvO40cBN2MWkJ7D/6sW4Dg6wYBNwM1Vrnz1FhH5AdeLIlUXRI9e28z1YZi71NQ=="],

    "unique-slug": ["unique-slug@5.0.0", "", { "dependencies": { "imurmurhash": "^0.1.4" } }, "sha512-9OdaqO5kwqR+1kVgHAhsp5vPNU0hnxRa26rBFNfNgM7M6pNtgzeBn3s/xbyCQL3dcjzOatcef6UUHpB/6MaETg=="],

    "vite": ["vite@8.0.16", "", { "dependencies": { "lightningcss": "^1.32.0", "picomatch": "^4.0.4", "postcss": "^8.5.15", "rolldown": "1.0.3", "tinyglobby": "^0.2.17" }, "optionalDependencies": { "fsevents": "~2.3.3" }, "peerDependencies": { "@types/node": "^20.19.0 || >=22.12.0", "@vitejs/devtools": "^0.1.18", "esbuild": "^0.27.0 || ^0.28.0", "jiti": ">=1.21.0", "less": "^4.0.0", "sass": "^1.70.0", "sass-embedded": "^1.70.0", "stylus": ">=0.54.8", "sugarss": "^5.0.0", "terser": "^5.16.0", "tsx": "^4.8.1", "yaml": "^2.4.2" }, "optionalPeers": ["@types/node", "@vitejs/devtools", "esbuild", "jiti", "less", "sass", "sass-embedded", "stylus", "sugarss", "terser", "tsx", "yaml"], "bin": { "vite": "bin/vite.js" } }, "sha512-h9bXPmJichP5fLmVQo3PyaGSDE2n3aPuomeAlVRm0JLmt4rY6zmPKd59HYI4LNW8oTK7tlTsuC7l/m7awx9Jcw=="],

    "vitest": ["vitest@4.1.8", "", { "dependencies": { "@vitest/expect": "4.1.8", "@vitest/mocker": "4.1.8", "@vitest/pretty-format": "4.1.8", "@vitest/runner": "4.1.8", "@vitest/snapshot": "4.1.8", "@vitest/spy": "4.1.8", "@vitest/utils": "4.1.8", "es-module-lexer": "^2.0.0", "expect-type": "^1.3.0", "magic-string": "^0.30.21", "obug": "^2.1.1", "pathe": "^2.0.3", "picomatch": "^4.0.3", "std-env": "^4.0.0-rc.1", "tinybench": "^2.9.0", "tinyexec": "^1.0.2", "tinyglobby": "^0.2.15", "tinyrainbow": "^3.1.0", "vite": "^6.0.0 || ^7.0.0 || ^8.0.0", "why-is-node-running": "^2.3.0" }, "peerDependencies": { "@edge-runtime/vm": "*", "@opentelemetry/api": "^1.9.0", "@types/node": "^20.0.0 || ^22.0.0 || >=24.0.0", "@vitest/browser-playwright": "4.1.8", "@vitest/browser-preview": "4.1.8", "@vitest/browser-webdriverio": "4.1.8", "@vitest/coverage-istanbul": "4.1.8", "@vitest/coverage-v8": "4.1.8", "@vitest/ui": "4.1.8", "happy-dom": "*", "jsdom": "*" }, "optionalPeers": ["@edge-runtime/vm", "@opentelemetry/api", "@types/node", "@vitest/browser-playwright", "@vitest/browser-preview", "@vitest/browser-webdriverio", "@vitest/coverage-istanbul", "@vitest/coverage-v8", "@vitest/ui", "happy-dom", "jsdom"], "bin": { "vitest": "vitest.mjs" } }, "sha512-flY6ScbCIt9HThs+C5HS7jvGOB560DJtk/Z15IQROTA6zEy49Nh8T/dofWTQL+n3vswqn87sbJNiuqw1SDp5Ig=="],

    "warpsocket": ["warpsocket@0.9.1", "", {}, "sha512-hlHjjiO1+cXpBo2O+AVPJsWeXX4zssVc8ZxrF+OtwZXJnwf+G7NBEI5TQFhuMSp/udyekmTD1uZxITIVWl5xbQ=="],

    "which": ["which@5.0.0", "", { "dependencies": { "isexe": "^3.1.1" }, "bin": { "node-which": "bin/which.js" } }, "sha512-JEdGzHwwkrbWoGOlIHqQ5gtprKGOenpDHpxE9zVR1bWbOtYRyPPHMe9FaP6x61CmNaTThSkb0DAJte5jD+DmzQ=="],

    "why-is-node-running": ["why-is-node-running@2.3.0", "", { "dependencies": { "siginfo": "^2.0.0", "stackback": "0.0.2" }, "bin": { "why-is-node-running": "cli.js" } }, "sha512-hUrmaWBdVDcxvYqnyh09zunKzROWjbZTiNy8dBEjkS7ehEDQibXJ7XvlmtbwuTclUiIyN+CyXQD4Vmko8fNm8w=="],

    "wrap-ansi": ["wrap-ansi@8.1.0", "", { "dependencies": { "ansi-styles": "^6.1.0", "string-width": "^5.0.1", "strip-ansi": "^7.0.1" } }, "sha512-si7QWI6zUMq56bESFvagtmzMdGOtoxfR+Sez11Mobfc7tm+VkUckk9bW2UeffTGVUbOksxmSw0AA2gs8g71NCQ=="],

    "wrap-ansi-cjs": ["wrap-ansi@7.0.0", "", { "dependencies": { "ansi-styles": "^4.0.0", "string-width": "^4.1.0", "strip-ansi": "^6.0.0" } }, "sha512-YVGIj2kamLSTxw6NsZjoBxfSwsn0ycdesmc4p+Q21c5zPuZ1pl+NfxVdxPtdHvmNVOQ6XSYG4AUtyt/Fi7D16Q=="],

    "yallist": ["yallist@5.0.0", "", {}, "sha512-YgvUTfwqyc7UXVMrB+SImsVYSmTS8X/tSrtdNZMImM+n7+QTriRXyXim0mBrTXNeqzVF0KWGgHPeiyViFFrNDw=="],

    "cross-spawn/which": ["which@2.0.2", "", { "dependencies": { "isexe": "^2.0.0" }, "bin": { "node-which": "./bin/node-which" } }, "sha512-BLI3Tl1TW3Pvl70l3yq3Y64i+awpwXqsGBYWkkqMtnbXgrMD+yj7rhW0kuEDxzJaYXGjEW5ogapKNMEKNMjibA=="],

    "minipass-flush/minipass": ["minipass@3.3.6", "", { "dependencies": { "yallist": "^4.0.0" } }, "sha512-DxiNidxSEK+tHG6zOIklvNOwm3hvCrbUrdtzY74U6HKTJxvIDfOUL5W5P2Ghd3DTkhhKPYGqeNUIh5qcM4YBfw=="],

    "minipass-pipeline/minipass": ["minipass@3.3.6", "", { "dependencies": { "yallist": "^4.0.0" } }, "sha512-DxiNidxSEK+tHG6zOIklvNOwm3hvCrbUrdtzY74U6HKTJxvIDfOUL5W5P2Ghd3DTkhhKPYGqeNUIh5qcM4YBfw=="],

    "minipass-sized/minipass": ["minipass@3.3.6", "", { "dependencies": { "yallist": "^4.0.0" } }, "sha512-DxiNidxSEK+tHG6zOIklvNOwm3hvCrbUrdtzY74U6HKTJxvIDfOUL5W5P2Ghd3DTkhhKPYGqeNUIh5qcM4YBfw=="],

    "olmdb/readme-tsdoc": ["readme-tsdoc@1.1.4", "", { "dependencies": { "fast-deep-copy": "^1.0.1", "typescript": "^5.0.0" }, "bin": { "readme-tsdoc": "src/cli.js" } }, "sha512-GS+7QN9TPsMYWGLI+E8A6/068ZZPQXxqIfeWTuHCNN6+tuMvERdS1TQaStAh85tQxm8DGVP5f4OdFnkk3+dNwA=="],

    "string-width-cjs/emoji-regex": ["emoji-regex@8.0.0", "", {}, "sha512-MSjYzcWNOA0ewAHpz0MxpYFvwg6yjy1NG3xteoqz644VCo/RPgnr1/GGt+ic3iJTzQ8Eu3TdM14SawnVUmGE6A=="],

    "string-width-cjs/strip-ansi": ["strip-ansi@6.0.1", "", { "dependencies": { "ansi-regex": "^5.0.1" } }, "sha512-Y38VPSHcqkFrCpFnQ9vuSXmquuv5oXOKpGeT6aGrr3o3Gc9AlVa6JBfUSOCnbxGGZF+/0ooI7KrPuUSztUdU5A=="],

    "strip-ansi-cjs/ansi-regex": ["ansi-regex@5.0.1", "", {}, "sha512-quJQXlTSUGL2LH9SUXo8VwsY4soanhgo6LNSm84E1LBcE8s3O0wpdiRzyR9z/ZZJMlMWv37qOOb9pdJlMUEKFQ=="],

    "vite/tinyglobby": ["tinyglobby@0.2.17", "", { "dependencies": { "fdir": "^6.5.0", "picomatch": "^4.0.4" } }, "sha512-wXR/dYpcqKmfWpEdZjiKJOwCNFndD0DMnrW/cYjVGttEkBfVgcLFHoNrlj47mjOVic9yyNu65alsgF4NQyTa2g=="],

    "wrap-ansi-cjs/ansi-styles": ["ansi-styles@4.3.0", "", { "dependencies": { "color-convert": "^2.0.1" } }, "sha512-zbB9rCJAT1rbjiVDb2hqKFHNYLxgtk8NURxZ3IZwD3F6NtxbXZQCnnSi1Lkx+IDohdPlFp222wVALIheZJQSEg=="],

    "wrap-ansi-cjs/string-width": ["string-width@4.2.3", "", { "dependencies": { "emoji-regex": "^8.0.0", "is-fullwidth-code-point": "^3.0.0", "strip-ansi": "^6.0.1" } }, "sha512-wKyQRQpjJ0sIp62ErSZdGsjMJWsap5oRNihHhu6G7JVO/9jIB6UyevL+tXuOqrng8j/cxKTWyWUwvSTriiZz/g=="],

    "wrap-ansi-cjs/strip-ansi": ["strip-ansi@6.0.1", "", { "dependencies": { "ansi-regex": "^5.0.1" } }, "sha512-Y38VPSHcqkFrCpFnQ9vuSXmquuv5oXOKpGeT6aGrr3o3Gc9AlVa6JBfUSOCnbxGGZF+/0ooI7KrPuUSztUdU5A=="],

    "cross-spawn/which/isexe": ["isexe@2.0.0", "", {}, "sha512-RHxMLp9lnKHGHRng9QFhRCMbYAcVpn69smSGcq3f36xjgVVWThj4qqLbTLlq7Ssj8B+fIQ1EuCEGI2lKsyQeIw=="],

    "minipass-flush/minipass/yallist": ["yallist@4.0.0", "", {}, "sha512-3wdGidZyq5PB084XLES5TpOSRA3wjXAlIWMhum2kRcv/41Sn2emQ0dycQW4uZXLejwKvg6EsvbdlVL+FYEct7A=="],

    "minipass-pipeline/minipass/yallist": ["yallist@4.0.0", "", {}, "sha512-3wdGidZyq5PB084XLES5TpOSRA3wjXAlIWMhum2kRcv/41Sn2emQ0dycQW4uZXLejwKvg6EsvbdlVL+FYEct7A=="],

    "minipass-sized/minipass/yallist": ["yallist@4.0.0", "", {}, "sha512-3wdGidZyq5PB084XLES5TpOSRA3wjXAlIWMhum2kRcv/41Sn2emQ0dycQW4uZXLejwKvg6EsvbdlVL+FYEct7A=="],

    "string-width-cjs/strip-ansi/ansi-regex": ["ansi-regex@5.0.1", "", {}, "sha512-quJQXlTSUGL2LH9SUXo8VwsY4soanhgo6LNSm84E1LBcE8s3O0wpdiRzyR9z/ZZJMlMWv37qOOb9pdJlMUEKFQ=="],

    "wrap-ansi-cjs/string-width/emoji-regex": ["emoji-regex@8.0.0", "", {}, "sha512-MSjYzcWNOA0ewAHpz0MxpYFvwg6yjy1NG3xteoqz644VCo/RPgnr1/GGt+ic3iJTzQ8Eu3TdM14SawnVUmGE6A=="],

    "wrap-ansi-cjs/strip-ansi/ansi-regex": ["ansi-regex@5.0.1", "", {}, "sha512-quJQXlTSUGL2LH9SUXo8VwsY4soanhgo6LNSm84E1LBcE8s3O0wpdiRzyR9z/ZZJMlMWv37qOOb9pdJlMUEKFQ=="],
  }
}
